
Microsoft Visual Studio Solution File, Format Version 12.00
# Visual Studio Version 16
VisualStudioVersion = 16.0.30114.105
MinimumVisualStudioVersion = 10.0.40219.1
Project("{FAE04EC0-301F-11D3-BF4B-00C04F79EFBC}") = "PlatformService.Api", "PlatformService.Api\PlatformService.csproj", "{2812E1C8-DAB9-48DB-9469-9B33F8D56032}"
EndProject
Project("{FAE04EC0-301F-11D3-BF4B-00C04F79EFBC}") = "PlatformService.Data", "PlatformService.Data\PlatformService.Data.csproj", "{19105736-4087-48A6-873F-415C175F98E1}"
EndProject
Global
	GlobalSection(SolutionConfigurationPlatforms) = preSolution
		Debug|Any CPU = Debug|Any CPU
		Release|Any CPU = Release|Any CPU
	EndGlobalSection
	GlobalSection(SolutionProperties) = preSolution
		HideSolutionNode = FALSE
	EndGlobalSection
	GlobalSection(ProjectConfigurationPlatforms) = postSolution
		{2812E1C8-DAB9-48DB-9469-9B33F8D56032}.Debug|Any CPU.ActiveCfg = Debug|Any CPU
		{2812E1C8-DAB9-48DB-9469-9B33F8D56032}.Debug|Any CPU.Build.0 = Debug|Any CPU
		{2812E1C8-DAB9-48DB-9469-9B33F8D56032}.Release|Any CPU.ActiveCfg = Release|Any CPU
		{2812E1C8-DAB9-48DB-9469-9B33F8D56032}.Release|Any CPU.Build.0 = Release|Any CPU
		{19105736-4087-48A6-873F-415C175F98E1}.Debug|Any CPU.ActiveCfg = Debug|Any CPU
		{19105736-4087-48A6-873F-415C175F98E1}.Debug|Any CPU.Build.0 = Debug|Any CPU
		{19105736-4087-48A6-873F-415C175F98E1}.Release|Any CPU.ActiveCfg = Release|Any CPU
		{19105736-4087-48A6-873F-415C175F98E1}.Release|Any CPU.Build.0 = Release|Any CPU
	EndGlobalSection
EndGlobal
