
Microsoft Visual Studio Solution File, Format Version 12.00
# Visual Studio Version 16
VisualStudioVersion = 16.0.30114.105
MinimumVisualStudioVersion = 10.0.40219.1
Project("{FAE04EC0-301F-11D3-BF4B-00C04F79EFBC}") = "CommandService", "CommandService.Api\CommandService.csproj", "{6AFC0A76-A4EC-4A16-A9B4-44A767222757}"
EndProject
Project("{FAE04EC0-301F-11D3-BF4B-00C04F79EFBC}") = "CommandService.Data", "CommandService.Data\CommandService.Data.csproj", "{BF0B59EE-189A-4AEB-A4CF-395E6CA95CE5}"
EndProject
Global
	GlobalSection(SolutionConfigurationPlatforms) = preSolution
		Debug|Any CPU = Debug|Any CPU
		Release|Any CPU = Release|Any CPU
	EndGlobalSection
	GlobalSection(SolutionProperties) = preSolution
		HideSolutionNode = FALSE
	EndGlobalSection
	GlobalSection(ProjectConfigurationPlatforms) = postSolution
		{6AFC0A76-A4EC-4A16-A9B4-44A767222757}.Debug|Any CPU.ActiveCfg = Debug|Any CPU
		{6AFC0A76-A4EC-4A16-A9B4-44A767222757}.Debug|Any CPU.Build.0 = Debug|Any CPU
		{6AFC0A76-A4EC-4A16-A9B4-44A767222757}.Release|Any CPU.ActiveCfg = Release|Any CPU
		{6AFC0A76-A4EC-4A16-A9B4-44A767222757}.Release|Any CPU.Build.0 = Release|Any CPU
		{BF0B59EE-189A-4AEB-A4CF-395E6CA95CE5}.Debug|Any CPU.ActiveCfg = Debug|Any CPU
		{BF0B59EE-189A-4AEB-A4CF-395E6CA95CE5}.Debug|Any CPU.Build.0 = Debug|Any CPU
		{BF0B59EE-189A-4AEB-A4CF-395E6CA95CE5}.Release|Any CPU.ActiveCfg = Release|Any CPU
		{BF0B59EE-189A-4AEB-A4CF-395E6CA95CE5}.Release|Any CPU.Build.0 = Release|Any CPU
	EndGlobalSection
EndGlobal
